
Microsoft Visual Studio Solution File, Format Version 12.00
# Visual Studio 2012
Project("{FAE04EC0-301F-11D3-BF4B-00C04F79EFBC}") = "ImageUpload", "ImageUpload\ImageUpload.csproj", "{7D2E6FFA-F1A0-4A97-A819-BF664922CF22}"
EndProject
Global
	GlobalSection(SolutionConfigurationPlatforms) = preSolution
		Debug|Any CPU = Debug|Any CPU
		Release|Any CPU = Release|Any CPU
	EndGlobalSection
	GlobalSection(ProjectConfigurationPlatforms) = postSolution
		{7D2E6FFA-F1A0-4A97-A819-BF664922CF22}.Debug|Any CPU.ActiveCfg = Debug|Any CPU
		{7D2E6FFA-F1A0-4A97-A819-BF664922CF22}.Debug|Any CPU.Build.0 = Debug|Any CPU
		{7D2E6FFA-F1A0-4A97-A819-BF664922CF22}.Release|Any CPU.ActiveCfg = Release|Any CPU
		{7D2E6FFA-F1A0-4A97-A819-BF664922CF22}.Release|Any CPU.Build.0 = Release|Any CPU
	EndGlobalSection
	GlobalSection(SolutionProperties) = preSolution
		HideSolutionNode = FALSE
	EndGlobalSection
EndGlobal
